// !$*UTF8*$!
{
	archiveVersion = 1;
	classes = {
	};
	objectVersion = 55;
	objects = {

/* Begin PBXBuildFile section */
		400AD15026803C6D00A3F81D /* ViewportView.swift in Sources */ = {isa = PBXBuildFile; fileRef = 400AD14F26803C6D00A3F81D /* ViewportView.swift */; };
		400AD15226804DE700A3F81D /* ViewportModel.swift in Sources */ = {isa = PBXBuildFile; fileRef = 400AD15126804DE700A3F81D /* ViewportModel.swift */; };
		4052AA1B267E312200644CC2 /* Model.swift in Sources */ = {isa = PBXBuildFile; fileRef = 4052AA1A267E312200644CC2 /* Model.swift */; };
		4052AA1E267EF46600644CC2 /* ImportOptionsView.swift in Sources */ = {isa = PBXBuildFile; fileRef = 4052AA1D267EF46600644CC2 /* ImportOptionsView.swift */; };
		4052AA20267F92F200644CC2 /* ImportConfiguration.swift in Sources */ = {isa = PBXBuildFile; fileRef = 4052AA1F267F92F200644CC2 /* ImportConfiguration.swift */; };
		40795A9F267D985E00953D36 /* SolidApp.swift in Sources */ = {isa = PBXBuildFile; fileRef = 40795A9E267D985E00953D36 /* SolidApp.swift */; };
		40795AA1267D985E00953D36 /* ContentView.swift in Sources */ = {isa = PBXBuildFile; fileRef = 40795AA0267D985E00953D36 /* ContentView.swift */; };
		40795AA3267D986000953D36 /* Assets.xcassets in Resources */ = {isa = PBXBuildFile; fileRef = 40795AA2267D986000953D36 /* Assets.xcassets */; };
		40795AA6267D986000953D36 /* Preview Assets.xcassets in Resources */ = {isa = PBXBuildFile; fileRef = 40795AA5267D986000953D36 /* Preview Assets.xcassets */; };
		40795AAD267DA90500953D36 /* Capture.swift in Sources */ = {isa = PBXBuildFile; fileRef = 40795AAC267DA90500953D36 /* Capture.swift */; };
		40795AAF267DA97B00953D36 /* Storage.swift in Sources */ = {isa = PBXBuildFile; fileRef = 40795AAE267DA97B00953D36 /* Storage.swift */; };
		40795AB1267DABED00953D36 /* PreviewView.swift in Sources */ = {isa = PBXBuildFile; fileRef = 40795AB0267DABED00953D36 /* PreviewView.swift */; };
		40795AB3267DB34500953D36 /* ModelListCell.swift in Sources */ = {isa = PBXBuildFile; fileRef = 40795AB2267DB34500953D36 /* ModelListCell.swift */; };
/* End PBXBuildFile section */

/* Begin PBXFileReference section */
		400AD14F26803C6D00A3F81D /* ViewportView.swift */ = {isa = PBXFileReference; lastKnownFileType = sourcecode.swift; path = ViewportView.swift; sourceTree = "<group>"; };
		400AD15126804DE700A3F81D /* ViewportModel.swift */ = {isa = PBXFileReference; lastKnownFileType = sourcecode.swift; path = ViewportModel.swift; sourceTree = "<group>"; };
		4052AA1A267E312200644CC2 /* Model.swift */ = {isa = PBXFileReference; lastKnownFileType = sourcecode.swift; path = Model.swift; sourceTree = "<group>"; };
		4052AA1D267EF46600644CC2 /* ImportOptionsView.swift */ = {isa = PBXFileReference; lastKnownFileType = sourcecode.swift; path = ImportOptionsView.swift; sourceTree = "<group>"; };
		4052AA1F267F92F200644CC2 /* ImportConfiguration.swift */ = {isa = PBXFileReference; lastKnownFileType = sourcecode.swift; path = ImportConfiguration.swift; sourceTree = "<group>"; };
		40795A9B267D985E00953D36 /* Solid.app */ = {isa = PBXFileReference; explicitFileType = wrapper.application; includeInIndex = 0; path = Solid.app; sourceTree = BUILT_PRODUCTS_DIR; };
		40795A9E267D985E00953D36 /* SolidApp.swift */ = {isa = PBXFileReference; lastKnownFileType = sourcecode.swift; path = SolidApp.swift; sourceTree = "<group>"; };
		40795AA0267D985E00953D36 /* ContentView.swift */ = {isa = PBXFileReference; lastKnownFileType = sourcecode.swift; path = ContentView.swift; sourceTree = "<group>"; };
		40795AA2267D986000953D36 /* Assets.xcassets */ = {isa = PBXFileReference; lastKnownFileType = folder.assetcatalog; path = Assets.xcassets; sourceTree = "<group>"; };
		40795AA5267D986000953D36 /* Preview Assets.xcassets */ = {isa = PBXFileReference; lastKnownFileType = folder.assetcatalog; path = "Preview Assets.xcassets"; sourceTree = "<group>"; };
		40795AAC267DA90500953D36 /* Capture.swift */ = {isa = PBXFileReference; lastKnownFileType = sourcecode.swift; path = Capture.swift; sourceTree = "<group>"; };
		40795AAE267DA97B00953D36 /* Storage.swift */ = {isa = PBXFileReference; lastKnownFileType = sourcecode.swift; path = Storage.swift; sourceTree = "<group>"; };
		40795AB0267DABED00953D36 /* PreviewView.swift */ = {isa = PBXFileReference; lastKnownFileType = sourcecode.swift; path = PreviewView.swift; sourceTree = "<group>"; };
		40795AB2267DB34500953D36 /* ModelListCell.swift */ = {isa = PBXFileReference; lastKnownFileType = sourcecode.swift; path = ModelListCell.swift; sourceTree = "<group>"; };
/* End PBXFileReference section */

/* Begin PBXFrameworksBuildPhase section */
		40795A98267D985E00953D36 /* Frameworks */ = {
			isa = PBXFrameworksBuildPhase;
			buildActionMask = 2147483647;
			files = (
			);
			runOnlyForDeploymentPostprocessing = 0;
		};
/* End PBXFrameworksBuildPhase section */

/* Begin PBXGroup section */
		4052AA19267E2CCF00644CC2 /* Managers */ = {
			isa = PBXGroup;
			children = (
				400AD15126804DE700A3F81D /* ViewportModel.swift */,
				40795AAE267DA97B00953D36 /* Storage.swift */,
				40795AAC267DA90500953D36 /* Capture.swift */,
				4052AA1A267E312200644CC2 /* Model.swift */,
				4052AA1F267F92F200644CC2 /* ImportConfiguration.swift */,
			);
			path = Managers;
			sourceTree = "<group>";
		};
		4052AA1C267E313D00644CC2 /* Views */ = {
			isa = PBXGroup;
			children = (
				40795A9E267D985E00953D36 /* SolidApp.swift */,
				40795AA0267D985E00953D36 /* ContentView.swift */,
				40795AB0267DABED00953D36 /* PreviewView.swift */,
				40795AB2267DB34500953D36 /* ModelListCell.swift */,
				4052AA1D267EF46600644CC2 /* ImportOptionsView.swift */,
				400AD14F26803C6D00A3F81D /* ViewportView.swift */,
			);
			path = Views;
			sourceTree = "<group>";
		};
		40795A92267D985E00953D36 = {
			isa = PBXGroup;
			children = (
				40795A9D267D985E00953D36 /* Solid */,
				40795A9C267D985E00953D36 /* Products */,
			);
			sourceTree = "<group>";
		};
		40795A9C267D985E00953D36 /* Products */ = {
			isa = PBXGroup;
			children = (
				40795A9B267D985E00953D36 /* Solid.app */,
			);
			name = Products;
			sourceTree = "<group>";
		};
		40795A9D267D985E00953D36 /* Solid */ = {
			isa = PBXGroup;
			children = (
				4052AA1C267E313D00644CC2 /* Views */,
				4052AA19267E2CCF00644CC2 /* Managers */,
				40795AA2267D986000953D36 /* Assets.xcassets */,
				40795AA4267D986000953D36 /* Preview Content */,
			);
			path = Solid;
			sourceTree = "<group>";
		};
		40795AA4267D986000953D36 /* Preview Content */ = {
			isa = PBXGroup;
			children = (
				40795AA5267D986000953D36 /* Preview Assets.xcassets */,
			);
			path = "Preview Content";
			sourceTree = "<group>";
		};
/* End PBXGroup section */

/* Begin PBXNativeTarget section */
		40795A9A267D985E00953D36 /* Solid */ = {
			isa = PBXNativeTarget;
			buildConfigurationList = 40795AA9267D986000953D36 /* Build configuration list for PBXNativeTarget "Solid" */;
			buildPhases = (
				40795A97267D985E00953D36 /* Sources */,
				40795A98267D985E00953D36 /* Frameworks */,
				40795A99267D985E00953D36 /* Resources */,
			);
			buildRules = (
			);
			dependencies = (
			);
			name = Solid;
			productName = Solid;
			productReference = 40795A9B267D985E00953D36 /* Solid.app */;
			productType = "com.apple.product-type.application";
		};
/* End PBXNativeTarget section */

/* Begin PBXProject section */
		40795A93267D985E00953D36 /* Project object */ = {
			isa = PBXProject;
			attributes = {
				BuildIndependentTargetsInParallel = 1;
				LastSwiftUpdateCheck = 1300;
				LastUpgradeCheck = 1300;
				TargetAttributes = {
					40795A9A267D985E00953D36 = {
						CreatedOnToolsVersion = 13.0;
					};
				};
			};
			buildConfigurationList = 40795A96267D985E00953D36 /* Build configuration list for PBXProject "Solid" */;
			compatibilityVersion = "Xcode 13.0";
			developmentRegion = en;
			hasScannedForEncodings = 0;
			knownRegions = (
				en,
				Base,
			);
			mainGroup = 40795A92267D985E00953D36;
			productRefGroup = 40795A9C267D985E00953D36 /* Products */;
			projectDirPath = "";
			projectRoot = "";
			targets = (
				40795A9A267D985E00953D36 /* Solid */,
			);
		};
/* End PBXProject section */

/* Begin PBXResourcesBuildPhase section */
		40795A99267D985E00953D36 /* Resources */ = {
			isa = PBXResourcesBuildPhase;
			buildActionMask = 2147483647;
			files = (
				40795AA6267D986000953D36 /* Preview Assets.xcassets in Resources */,
				40795AA3267D986000953D36 /* Assets.xcassets in Resources */,
			);
			runOnlyForDeploymentPostprocessing = 0;
		};
/* End PBXResourcesBuildPhase section */

/* Begin PBXSourcesBuildPhase section */
		40795A97267D985E00953D36 /* Sources */ = {
			isa = PBXSourcesBuildPhase;
			buildActionMask = 2147483647;
			files = (
				400AD15026803C6D00A3F81D /* ViewportView.swift in Sources */,
				40795AB1267DABED00953D36 /* PreviewView.swift in Sources */,
				4052AA1B267E312200644CC2 /* Model.swift in Sources */,
				40795AB3267DB34500953D36 /* ModelListCell.swift in Sources */,
				40795AAD267DA90500953D36 /* Capture.swift in Sources */,
				4052AA20267F92F200644CC2 /* ImportConfiguration.swift in Sources */,
				40795AAF267DA97B00953D36 /* Storage.swift in Sources */,
				400AD15226804DE700A3F81D /* ViewportModel.swift in Sources */,
				40795AA1267D985E00953D36 /* ContentView.swift in Sources */,
				40795A9F267D985E00953D36 /* SolidApp.swift in Sources */,
				4052AA1E267EF46600644CC2 /* ImportOptionsView.swift in Sources */,
			);
			runOnlyForDeploymentPostprocessing = 0;
		};
/* End PBXSourcesBuildPhase section */

/* Begin XCBuildConfiguration section */
		40795AA7267D986000953D36 /* Debug */ = {
			isa = XCBuildConfiguration;
			buildSettings = {
				ALWAYS_SEARCH_USER_PATHS = NO;
				CLANG_ANALYZER_NONNULL = YES;
				CLANG_ANALYZER_NUMBER_OBJECT_CONVERSION = YES_AGGRESSIVE;
				CLANG_CXX_LANGUAGE_STANDARD = "gnu++14";
				CLANG_CXX_LIBRARY = "libc++";
				CLANG_ENABLE_MODULES = YES;
				CLANG_ENABLE_OBJC_ARC = YES;
				CLANG_ENABLE_OBJC_WEAK = YES;
				CLANG_WARN_BLOCK_CAPTURE_AUTORELEASING = YES;
				CLANG_WARN_BOOL_CONVERSION = YES;
				CLANG_WARN_COMMA = YES;
				CLANG_WARN_CONSTANT_CONVERSION = YES;
				CLANG_WARN_DEPRECATED_OBJC_IMPLEMENTATIONS = YES;
				CLANG_WARN_DIRECT_OBJC_ISA_USAGE = YES_ERROR;
				CLANG_WARN_DOCUMENTATION_COMMENTS = YES;
				CLANG_WARN_EMPTY_BODY = YES;
				CLANG_WARN_ENUM_CONVERSION = YES;
				CLANG_WARN_INFINITE_RECURSION = YES;
				CLANG_WARN_INT_CONVERSION = YES;
				CLANG_WARN_NON_LITERAL_NULL_CONVERSION = YES;
				CLANG_WARN_OBJC_IMPLICIT_RETAIN_SELF = YES;
				CLANG_WARN_OBJC_LITERAL_CONVERSION = YES;
				CLANG_WARN_OBJC_ROOT_CLASS = YES_ERROR;
				CLANG_WARN_QUOTED_INCLUDE_IN_FRAMEWORK_HEADER = YES;
				CLANG_WARN_RANGE_LOOP_ANALYSIS = YES;
				CLANG_WARN_STRICT_PROTOTYPES = YES;
				CLANG_WARN_SUSPICIOUS_MOVE = YES;
				CLANG_WARN_UNGUARDED_AVAILABILITY = YES_AGGRESSIVE;
				CLANG_WARN_UNREACHABLE_CODE = YES;
				CLANG_WARN__DUPLICATE_METHOD_MATCH = YES;
				COPY_PHASE_STRIP = NO;
				DEBUG_INFORMATION_FORMAT = dwarf;
				ENABLE_STRICT_OBJC_MSGSEND = YES;
				ENABLE_TESTABILITY = YES;
				GCC_C_LANGUAGE_STANDARD = gnu11;
				GCC_DYNAMIC_NO_PIC = NO;
				GCC_NO_COMMON_BLOCKS = YES;
				GCC_OPTIMIZATION_LEVEL = 0;
				GCC_PREPROCESSOR_DEFINITIONS = (
					"DEBUG=1",
					"$(inherited)",
				);
				GCC_WARN_64_TO_32_BIT_CONVERSION = YES;
				GCC_WARN_ABOUT_RETURN_TYPE = YES_ERROR;
				GCC_WARN_UNDECLARED_SELECTOR = YES;
				GCC_WARN_UNINITIALIZED_AUTOS = YES_AGGRESSIVE;
				GCC_WARN_UNUSED_FUNCTION = YES;
				GCC_WARN_UNUSED_VARIABLE = YES;
				MACOSX_DEPLOYMENT_TARGET = 12.0;
				MTL_ENABLE_DEBUG_INFO = INCLUDE_SOURCE;
				MTL_FAST_MATH = YES;
				ONLY_ACTIVE_ARCH = YES;
				SDKROOT = macosx;
				SWIFT_ACTIVE_COMPILATION_CONDITIONS = DEBUG;
				SWIFT_OPTIMIZATION_LEVEL = "-Onone";
			};
			name = Debug;
		};
		40795AA8267D986000953D36 /* Release */ = {
			isa = XCBuildConfiguration;
			buildSettings = {
				ALWAYS_SEARCH_USER_PATHS = NO;
				CLANG_ANALYZER_NONNULL = YES;
				CLANG_ANALYZER_NUMBER_OBJECT_CONVERSION = YES_AGGRESSIVE;
				CLANG_CXX_LANGUAGE_STANDARD = "gnu++14";
				CLANG_CXX_LIBRARY = "libc++";
				CLANG_ENABLE_MODULES = YES;
				CLANG_ENABLE_OBJC_ARC = YES;
				CLANG_ENABLE_OBJC_WEAK = YES;
				CLANG_WARN_BLOCK_CAPTURE_AUTORELEASING = YES;
				CLANG_WARN_BOOL_CONVERSION = YES;
				CLANG_WARN_COMMA = YES;
				CLANG_WARN_CONSTANT_CONVERSION = YES;
				CLANG_WARN_DEPRECATED_OBJC_IMPLEMENTATIONS = YES;
				CLANG_WARN_DIRECT_OBJC_ISA_USAGE = YES_ERROR;
				CLANG_WARN_DOCUMENTATION_COMMENTS = YES;
				CLANG_WARN_EMPTY_BODY = YES;
				CLANG_WARN_ENUM_CONVERSION = YES;
				CLANG_WARN_INFINITE_RECURSION = YES;
				CLANG_WARN_INT_CONVERSION = YES;
				CLANG_WARN_NON_LITERAL_NULL_CONVERSION = YES;
				CLANG_WARN_OBJC_IMPLICIT_RETAIN_SELF = YES;
				CLANG_WARN_OBJC_LITERAL_CONVERSION = YES;
				CLANG_WARN_OBJC_ROOT_CLASS = YES_ERROR;
				CLANG_WARN_QUOTED_INCLUDE_IN_FRAMEWORK_HEADER = YES;
				CLANG_WARN_RANGE_LOOP_ANALYSIS = YES;
				CLANG_WARN_STRICT_PROTOTYPES = YES;
				CLANG_WARN_SUSPICIOUS_MOVE = YES;
				CLANG_WARN_UNGUARDED_AVAILABILITY = YES_AGGRESSIVE;
				CLANG_WARN_UNREACHABLE_CODE = YES;
				CLANG_WARN__DUPLICATE_METHOD_MATCH = YES;
				COPY_PHASE_STRIP = NO;
				DEBUG_INFORMATION_FORMAT = "dwarf-with-dsym";
				ENABLE_NS_ASSERTIONS = NO;
				ENABLE_STRICT_OBJC_MSGSEND = YES;
				GCC_C_LANGUAGE_STANDARD = gnu11;
				GCC_NO_COMMON_BLOCKS = YES;
				GCC_WARN_64_TO_32_BIT_CONVERSION = YES;
				GCC_WARN_ABOUT_RETURN_TYPE = YES_ERROR;
				GCC_WARN_UNDECLARED_SELECTOR = YES;
				GCC_WARN_UNINITIALIZED_AUTOS = YES_AGGRESSIVE;
				GCC_WARN_UNUSED_FUNCTION = YES;
				GCC_WARN_UNUSED_VARIABLE = YES;
				MACOSX_DEPLOYMENT_TARGET = 12.0;
				MTL_ENABLE_DEBUG_INFO = NO;
				MTL_FAST_MATH = YES;
				SDKROOT = macosx;
				SWIFT_COMPILATION_MODE = wholemodule;
				SWIFT_OPTIMIZATION_LEVEL = "-O";
			};
			name = Release;
		};
		40795AAA267D986000953D36 /* Debug */ = {
			isa = XCBuildConfiguration;
			buildSettings = {
				ASSETCATALOG_COMPILER_APPICON_NAME = AppIcon;
				ASSETCATALOG_COMPILER_GLOBAL_ACCENT_COLOR_NAME = AccentColor;
				CODE_SIGN_STYLE = Automatic;
				COMBINE_HIDPI_IMAGES = YES;
				CURRENT_PROJECT_VERSION = 1;
				DEVELOPMENT_ASSET_PATHS = "\"Solid/Preview Content\"";
				DEVELOPMENT_TEAM = 7Z964G7Z5X;
				ENABLE_APP_SANDBOX = YES;
				ENABLE_HARDENED_RUNTIME = YES;
				ENABLE_PREVIEWS = YES;
				ENABLE_USER_SELECTED_FILES = readonly;
				GENERATE_INFOPLIST_FILE = YES;
				INFOPLIST_KEY_NSHumanReadableCopyright = "";
				LD_RUNPATH_SEARCH_PATHS = (
					"$(inherited)",
					"@executable_path/../Frameworks",
				);
				MACOSX_DEPLOYMENT_TARGET = 12.0;
				MARKETING_VERSION = 1.0;
				PRODUCT_BUNDLE_IDENTIFIER = andrew.sawyer.Solid;
				PRODUCT_NAME = "$(TARGET_NAME)";
				SWIFT_EMIT_LOC_STRINGS = YES;
				SWIFT_VERSION = 5.0;
			};
			name = Debug;
		};
		40795AAB267D986000953D36 /* Release */ = {
			isa = XCBuildConfiguration;
			buildSettings = {
				ASSETCATALOG_COMPILER_APPICON_NAME = AppIcon;
				ASSETCATALOG_COMPILER_GLOBAL_ACCENT_COLOR_NAME = AccentColor;
				CODE_SIGN_STYLE = Automatic;
				COMBINE_HIDPI_IMAGES = YES;
				CURRENT_PROJECT_VERSION = 1;
				DEVELOPMENT_ASSET_PATHS = "\"Solid/Preview Content\"";
				DEVELOPMENT_TEAM = 7Z964G7Z5X;
				ENABLE_APP_SANDBOX = YES;
				ENABLE_HARDENED_RUNTIME = YES;
				ENABLE_PREVIEWS = YES;
				ENABLE_USER_SELECTED_FILES = readonly;
				GENERATE_INFOPLIST_FILE = YES;
				INFOPLIST_KEY_NSHumanReadableCopyright = "";
				LD_RUNPATH_SEARCH_PATHS = (
					"$(inherited)",
					"@executable_path/../Frameworks",
				);
				MACOSX_DEPLOYMENT_TARGET = 12.0;
				MARKETING_VERSION = 1.0;
				PRODUCT_BUNDLE_IDENTIFIER = andrew.sawyer.Solid;
				PRODUCT_NAME = "$(TARGET_NAME)";
				SWIFT_EMIT_LOC_STRINGS = YES;
				SWIFT_VERSION = 5.0;
			};
			name = Release;
		};
/* End XCBuildConfiguration section */

/* Begin XCConfigurationList section */
		40795A96267D985E00953D36 /* Build configuration list for PBXProject "Solid" */ = {
			isa = XCConfigurationList;
			buildConfigurations = (
				40795AA7267D986000953D36 /* Debug */,
				40795AA8267D986000953D36 /* Release */,
			);
			defaultConfigurationIsVisible = 0;
			defaultConfigurationName = Release;
		};
		40795AA9267D986000953D36 /* Build configuration list for PBXNativeTarget "Solid" */ = {
			isa = XCConfigurationList;
			buildConfigurations = (
				40795AAA267D986000953D36 /* Debug */,
				40795AAB267D986000953D36 /* Release */,
			);
			defaultConfigurationIsVisible = 0;
			defaultConfigurationName = Release;
		};
/* End XCConfigurationList section */
	};
	rootObject = 40795A93267D985E00953D36 /* Project object */;
}
